// !$*UTF8*$!
{
	archiveVersion = 1;
	classes = {
	};
	objectVersion = 46;
	objects = {

/* Begin PBXBuildFile section */
		4808944C1E8E15FF00CA3CE0 /* Login.storyboard in Resources */ = {isa = PBXBuildFile; fileRef = 4808944B1E8E15FF00CA3CE0 /* Login.storyboard */; };
		48347A5F1E8C5A8A00053E25 /* HomeCompanyViewController.swift in Sources */ = {isa = PBXBuildFile; fileRef = 48347A5E1E8C5A8A00053E25 /* HomeCompanyViewController.swift */; };
		48347A611E8C61D800053E25 /* CompanyCollectionCell.swift in Sources */ = {isa = PBXBuildFile; fileRef = 48347A601E8C61D800053E25 /* CompanyCollectionCell.swift */; };
		48347A631E8C630500053E25 /* Company.swift in Sources */ = {isa = PBXBuildFile; fileRef = 48347A621E8C630500053E25 /* Company.swift */; };
		48347A651E8C693500053E25 /* CompanyDetailViewController.swift in Sources */ = {isa = PBXBuildFile; fileRef = 48347A641E8C693500053E25 /* CompanyDetailViewController.swift */; };
		48347A671E8C6DB600053E25 /* SettingCompanyViewController.swift in Sources */ = {isa = PBXBuildFile; fileRef = 48347A661E8C6DB600053E25 /* SettingCompanyViewController.swift */; };
		48347A691E8C6F3000053E25 /* FavoritesCompanyViewController.swift in Sources */ = {isa = PBXBuildFile; fileRef = 48347A681E8C6F3000053E25 /* FavoritesCompanyViewController.swift */; };
		48347A6B1E8C716600053E25 /* FavoriteCompanyCollectionCell.swift in Sources */ = {isa = PBXBuildFile; fileRef = 48347A6A1E8C716600053E25 /* FavoriteCompanyCollectionCell.swift */; };
		484E71191E80CDD600040F9E /* AppDelegate.swift in Sources */ = {isa = PBXBuildFile; fileRef = 484E71181E80CDD600040F9E /* AppDelegate.swift */; };
		484E711B1E80CDD600040F9E /* ViewController.swift in Sources */ = {isa = PBXBuildFile; fileRef = 484E711A1E80CDD600040F9E /* ViewController.swift */; };
		484E711E1E80CDD600040F9E /* Main.storyboard in Resources */ = {isa = PBXBuildFile; fileRef = 484E711C1E80CDD600040F9E /* Main.storyboard */; };
		484E71201E80CDD600040F9E /* Assets.xcassets in Resources */ = {isa = PBXBuildFile; fileRef = 484E711F1E80CDD600040F9E /* Assets.xcassets */; };
		484E71231E80CDD600040F9E /* LaunchScreen.storyboard in Resources */ = {isa = PBXBuildFile; fileRef = 484E71211E80CDD600040F9E /* LaunchScreen.storyboard */; };
		484E712B1E80CE1800040F9E /* Company.storyboard in Resources */ = {isa = PBXBuildFile; fileRef = 484E712A1E80CE1800040F9E /* Company.storyboard */; };
		484E712D1E80CE2900040F9E /* Challenge.storyboard in Resources */ = {isa = PBXBuildFile; fileRef = 484E712C1E80CE2900040F9E /* Challenge.storyboard */; };
		4880152F1E945960001A947A /* MapKit.framework in Frameworks */ = {isa = PBXBuildFile; fileRef = 4880152E1E945960001A947A /* MapKit.framework */; };
		488015311E945A3B001A947A /* ExploreCompanyViewController.swift in Sources */ = {isa = PBXBuildFile; fileRef = 488015301E945A3B001A947A /* ExploreCompanyViewController.swift */; };
		4885C62B1E95E55B00682F3C /* Address.swift in Sources */ = {isa = PBXBuildFile; fileRef = 4885C62A1E95E55B00682F3C /* Address.swift */; };
		A5BD93371E8D79770099F280 /* LoginViewController.swift in Sources */ = {isa = PBXBuildFile; fileRef = A5BD93361E8D79770099F280 /* LoginViewController.swift */; };
		A5BD93391E8D7FCF0099F280 /* CreateAccountViewController.swift in Sources */ = {isa = PBXBuildFile; fileRef = A5BD93381E8D7FCF0099F280 /* CreateAccountViewController.swift */; };
		A5BD933B1E8D85EA0099F280 /* ProfileViewController.swift in Sources */ = {isa = PBXBuildFile; fileRef = A5BD933A1E8D85EA0099F280 /* ProfileViewController.swift */; };
		DCBFA209C1CFD570EF6AD59A /* Pods_LinkBase.framework in Frameworks */ = {isa = PBXBuildFile; fileRef = F55569BDE22B1266FC626A87 /* Pods_LinkBase.framework */; };
		E502EDA11E88FD130053B32A /* SetupViewController.swift in Sources */ = {isa = PBXBuildFile; fileRef = E502EDA01E88FD130053B32A /* SetupViewController.swift */; };
		E502EDA31E89863E0053B32A /* CommsViewController.swift in Sources */ = {isa = PBXBuildFile; fileRef = E502EDA21E89863E0053B32A /* CommsViewController.swift */; };
		E502EDA51E8986A80053B32A /* TechViewController.swift in Sources */ = {isa = PBXBuildFile; fileRef = E502EDA41E8986A80053B32A /* TechViewController.swift */; };
		E502EDA71E89870D0053B32A /* DashboardViewController.swift in Sources */ = {isa = PBXBuildFile; fileRef = E502EDA61E89870D0053B32A /* DashboardViewController.swift */; };
		E502EDA91E8996200053B32A /* HudView.swift in Sources */ = {isa = PBXBuildFile; fileRef = E502EDA81E8996200053B32A /* HudView.swift */; };
		E502EDAB1E8996D10053B32A /* UtilityFunctions.swift in Sources */ = {isa = PBXBuildFile; fileRef = E502EDAA1E8996D10053B32A /* UtilityFunctions.swift */; };
		E502EDB11E89AE410053B32A /* CommsQuestion.swift in Sources */ = {isa = PBXBuildFile; fileRef = E502EDB01E89AE410053B32A /* CommsQuestion.swift */; };
		E502EDB31E89B0FF0053B32A /* TechQuestions.swift in Sources */ = {isa = PBXBuildFile; fileRef = E502EDB21E89B0FF0053B32A /* TechQuestions.swift */; };
		E502EDB51E89D02D0053B32A /* ResultsDetailViewController.swift in Sources */ = {isa = PBXBuildFile; fileRef = E502EDB41E89D02D0053B32A /* ResultsDetailViewController.swift */; };
		E502EDBA1E89D9090053B32A /* PeerReviewAllViewController.swift in Sources */ = {isa = PBXBuildFile; fileRef = E502EDB91E89D9090053B32A /* PeerReviewAllViewController.swift */; };
		E502EDBC1E89D9170053B32A /* PeerReviewViewController.swift in Sources */ = {isa = PBXBuildFile; fileRef = E502EDBB1E89D9170053B32A /* PeerReviewViewController.swift */; };
		E502EDBE1E89DC130053B32A /* PeerCell.swift in Sources */ = {isa = PBXBuildFile; fileRef = E502EDBD1E89DC130053B32A /* PeerCell.swift */; };
		E502EDC01E89F74F0053B32A /* ResultsCell.swift in Sources */ = {isa = PBXBuildFile; fileRef = E502EDBF1E89F74F0053B32A /* ResultsCell.swift */; };
		E502EDC61E8AD2070053B32A /* ScoreCard.swift in Sources */ = {isa = PBXBuildFile; fileRef = E502EDC51E8AD2070053B32A /* ScoreCard.swift */; };
		E502EE181E904EB50053B32A /* User.swift in Sources */ = {isa = PBXBuildFile; fileRef = E502EE171E904EB50053B32A /* User.swift */; };
		E502EE1A1E90954A0053B32A /* ProfileSetupViewController.swift in Sources */ = {isa = PBXBuildFile; fileRef = E502EE191E90954A0053B32A /* ProfileSetupViewController.swift */; };
		E502EE1C1E90BD970053B32A /* AddAffiliationsViewController.swift in Sources */ = {isa = PBXBuildFile; fileRef = E502EE1B1E90BD970053B32A /* AddAffiliationsViewController.swift */; };
		E502EE1E1E9158D00053B32A /* AffiliationsCell.swift in Sources */ = {isa = PBXBuildFile; fileRef = E502EE1D1E9158D00053B32A /* AffiliationsCell.swift */; };
		E502EE201E915AD60053B32A /* AffiliationCollectionCell.swift in Sources */ = {isa = PBXBuildFile; fileRef = E502EE1F1E915AD60053B32A /* AffiliationCollectionCell.swift */; };
		E502EE241E9184CB0053B32A /* Affiliation.swift in Sources */ = {isa = PBXBuildFile; fileRef = E502EE231E9184CB0053B32A /* Affiliation.swift */; };
		E502EE281E91D5790053B32A /* AddNewTableViewController.swift in Sources */ = {isa = PBXBuildFile; fileRef = E502EE271E91D5790053B32A /* AddNewTableViewController.swift */; };
		E502EE2A1E9203DE0053B32A /* ProjectsViewController.swift in Sources */ = {isa = PBXBuildFile; fileRef = E502EE291E9203DE0053B32A /* ProjectsViewController.swift */; };
		E502EE2C1E92AFEA0053B32A /* ProjectsCell.swift in Sources */ = {isa = PBXBuildFile; fileRef = E502EE2B1E92AFEA0053B32A /* ProjectsCell.swift */; };
		E502EE2E1E92B1800053B32A /* Project.swift in Sources */ = {isa = PBXBuildFile; fileRef = E502EE2D1E92B1800053B32A /* Project.swift */; };
		E502EE301E92B3930053B32A /* ProjectCollectionCell.swift in Sources */ = {isa = PBXBuildFile; fileRef = E502EE2F1E92B3930053B32A /* ProjectCollectionCell.swift */; };
		E502EE321E92B5380053B32A /* AddNewProjectTableViewController.swift in Sources */ = {isa = PBXBuildFile; fileRef = E502EE311E92B5380053B32A /* AddNewProjectTableViewController.swift */; };
		E502EE341E92BC7B0053B32A /* LanguagesViewController.swift in Sources */ = {isa = PBXBuildFile; fileRef = E502EE331E92BC7B0053B32A /* LanguagesViewController.swift */; };
		E502EE361E92EB730053B32A /* Language.swift in Sources */ = {isa = PBXBuildFile; fileRef = E502EE351E92EB730053B32A /* Language.swift */; };
		E502EE3A1E9343210053B32A /* PickLanguageCell.swift in Sources */ = {isa = PBXBuildFile; fileRef = E502EE391E9343210053B32A /* PickLanguageCell.swift */; };
		E502EE3C1E94AE660053B32A /* LanguageCollectionCell.swift in Sources */ = {isa = PBXBuildFile; fileRef = E502EE3B1E94AE660053B32A /* LanguageCollectionCell.swift */; };
		E502EE431E9544730053B32A /* AffProjCell.swift in Sources */ = {isa = PBXBuildFile; fileRef = E502EE421E9544730053B32A /* AffProjCell.swift */; };
		E502EE451E9544A30053B32A /* AffProjCollectionCell.swift in Sources */ = {isa = PBXBuildFile; fileRef = E502EE441E9544A30053B32A /* AffProjCollectionCell.swift */; };
/* End PBXBuildFile section */

/* Begin PBXFileReference section */
		4808944B1E8E15FF00CA3CE0 /* Login.storyboard */ = {isa = PBXFileReference; fileEncoding = 4; lastKnownFileType = file.storyboard; path = Login.storyboard; sourceTree = "<group>"; };
		48347A5E1E8C5A8A00053E25 /* HomeCompanyViewController.swift */ = {isa = PBXFileReference; fileEncoding = 4; lastKnownFileType = sourcecode.swift; path = HomeCompanyViewController.swift; sourceTree = "<group>"; };
		48347A601E8C61D800053E25 /* CompanyCollectionCell.swift */ = {isa = PBXFileReference; fileEncoding = 4; lastKnownFileType = sourcecode.swift; path = CompanyCollectionCell.swift; sourceTree = "<group>"; };
		48347A621E8C630500053E25 /* Company.swift */ = {isa = PBXFileReference; fileEncoding = 4; lastKnownFileType = sourcecode.swift; path = Company.swift; sourceTree = "<group>"; };
		48347A641E8C693500053E25 /* CompanyDetailViewController.swift */ = {isa = PBXFileReference; fileEncoding = 4; lastKnownFileType = sourcecode.swift; path = CompanyDetailViewController.swift; sourceTree = "<group>"; };
		48347A661E8C6DB600053E25 /* SettingCompanyViewController.swift */ = {isa = PBXFileReference; fileEncoding = 4; lastKnownFileType = sourcecode.swift; path = SettingCompanyViewController.swift; sourceTree = "<group>"; };
		48347A681E8C6F3000053E25 /* FavoritesCompanyViewController.swift */ = {isa = PBXFileReference; fileEncoding = 4; lastKnownFileType = sourcecode.swift; path = FavoritesCompanyViewController.swift; sourceTree = "<group>"; };
		48347A6A1E8C716600053E25 /* FavoriteCompanyCollectionCell.swift */ = {isa = PBXFileReference; fileEncoding = 4; lastKnownFileType = sourcecode.swift; path = FavoriteCompanyCollectionCell.swift; sourceTree = "<group>"; };
		484E71151E80CDD600040F9E /* LinkBase.app */ = {isa = PBXFileReference; explicitFileType = wrapper.application; includeInIndex = 0; path = LinkBase.app; sourceTree = BUILT_PRODUCTS_DIR; };
		484E71181E80CDD600040F9E /* AppDelegate.swift */ = {isa = PBXFileReference; lastKnownFileType = sourcecode.swift; path = AppDelegate.swift; sourceTree = "<group>"; };
		484E711A1E80CDD600040F9E /* ViewController.swift */ = {isa = PBXFileReference; lastKnownFileType = sourcecode.swift; path = ViewController.swift; sourceTree = "<group>"; };
		484E711D1E80CDD600040F9E /* Base */ = {isa = PBXFileReference; lastKnownFileType = file.storyboard; name = Base; path = Base.lproj/Main.storyboard; sourceTree = "<group>"; };
		484E711F1E80CDD600040F9E /* Assets.xcassets */ = {isa = PBXFileReference; lastKnownFileType = folder.assetcatalog; path = Assets.xcassets; sourceTree = "<group>"; };
		484E71221E80CDD600040F9E /* Base */ = {isa = PBXFileReference; lastKnownFileType = file.storyboard; name = Base; path = Base.lproj/LaunchScreen.storyboard; sourceTree = "<group>"; };
		484E71241E80CDD600040F9E /* Info.plist */ = {isa = PBXFileReference; lastKnownFileType = text.plist.xml; path = Info.plist; sourceTree = "<group>"; };
		484E712A1E80CE1800040F9E /* Company.storyboard */ = {isa = PBXFileReference; fileEncoding = 4; lastKnownFileType = file.storyboard; path = Company.storyboard; sourceTree = "<group>"; };
		484E712C1E80CE2900040F9E /* Challenge.storyboard */ = {isa = PBXFileReference; fileEncoding = 4; lastKnownFileType = file.storyboard; path = Challenge.storyboard; sourceTree = "<group>"; };
		4880152E1E945960001A947A /* MapKit.framework */ = {isa = PBXFileReference; lastKnownFileType = wrapper.framework; name = MapKit.framework; path = System/Library/Frameworks/MapKit.framework; sourceTree = SDKROOT; };
		488015301E945A3B001A947A /* ExploreCompanyViewController.swift */ = {isa = PBXFileReference; fileEncoding = 4; lastKnownFileType = sourcecode.swift; path = ExploreCompanyViewController.swift; sourceTree = "<group>"; };
		4885C62A1E95E55B00682F3C /* Address.swift */ = {isa = PBXFileReference; fileEncoding = 4; lastKnownFileType = sourcecode.swift; path = Address.swift; sourceTree = "<group>"; };
		6265BAE788C7EC7F1C4A712F /* Pods-LinkBase.release.xcconfig */ = {isa = PBXFileReference; includeInIndex = 1; lastKnownFileType = text.xcconfig; name = "Pods-LinkBase.release.xcconfig"; path = "Pods/Target Support Files/Pods-LinkBase/Pods-LinkBase.release.xcconfig"; sourceTree = "<group>"; };
		A5BD93361E8D79770099F280 /* LoginViewController.swift */ = {isa = PBXFileReference; fileEncoding = 4; lastKnownFileType = sourcecode.swift; path = LoginViewController.swift; sourceTree = "<group>"; };
		A5BD93381E8D7FCF0099F280 /* CreateAccountViewController.swift */ = {isa = PBXFileReference; fileEncoding = 4; lastKnownFileType = sourcecode.swift; path = CreateAccountViewController.swift; sourceTree = "<group>"; };
		A5BD933A1E8D85EA0099F280 /* ProfileViewController.swift */ = {isa = PBXFileReference; fileEncoding = 4; lastKnownFileType = sourcecode.swift; path = ProfileViewController.swift; sourceTree = "<group>"; };
		E502EDA01E88FD130053B32A /* SetupViewController.swift */ = {isa = PBXFileReference; fileEncoding = 4; lastKnownFileType = sourcecode.swift; path = SetupViewController.swift; sourceTree = "<group>"; };
		E502EDA21E89863E0053B32A /* CommsViewController.swift */ = {isa = PBXFileReference; fileEncoding = 4; lastKnownFileType = sourcecode.swift; path = CommsViewController.swift; sourceTree = "<group>"; };
		E502EDA41E8986A80053B32A /* TechViewController.swift */ = {isa = PBXFileReference; fileEncoding = 4; lastKnownFileType = sourcecode.swift; path = TechViewController.swift; sourceTree = "<group>"; };
		E502EDA61E89870D0053B32A /* DashboardViewController.swift */ = {isa = PBXFileReference; fileEncoding = 4; lastKnownFileType = sourcecode.swift; path = DashboardViewController.swift; sourceTree = "<group>"; };
		E502EDA81E8996200053B32A /* HudView.swift */ = {isa = PBXFileReference; fileEncoding = 4; lastKnownFileType = sourcecode.swift; path = HudView.swift; sourceTree = "<group>"; };
		E502EDAA1E8996D10053B32A /* UtilityFunctions.swift */ = {isa = PBXFileReference; fileEncoding = 4; lastKnownFileType = sourcecode.swift; path = UtilityFunctions.swift; sourceTree = "<group>"; };
		E502EDB01E89AE410053B32A /* CommsQuestion.swift */ = {isa = PBXFileReference; fileEncoding = 4; lastKnownFileType = sourcecode.swift; path = CommsQuestion.swift; sourceTree = "<group>"; };
		E502EDB21E89B0FF0053B32A /* TechQuestions.swift */ = {isa = PBXFileReference; fileEncoding = 4; lastKnownFileType = sourcecode.swift; path = TechQuestions.swift; sourceTree = "<group>"; };
		E502EDB41E89D02D0053B32A /* ResultsDetailViewController.swift */ = {isa = PBXFileReference; fileEncoding = 4; lastKnownFileType = sourcecode.swift; path = ResultsDetailViewController.swift; sourceTree = "<group>"; };
		E502EDB91E89D9090053B32A /* PeerReviewAllViewController.swift */ = {isa = PBXFileReference; fileEncoding = 4; lastKnownFileType = sourcecode.swift; path = PeerReviewAllViewController.swift; sourceTree = "<group>"; };
		E502EDBB1E89D9170053B32A /* PeerReviewViewController.swift */ = {isa = PBXFileReference; fileEncoding = 4; lastKnownFileType = sourcecode.swift; path = PeerReviewViewController.swift; sourceTree = "<group>"; };
		E502EDBD1E89DC130053B32A /* PeerCell.swift */ = {isa = PBXFileReference; fileEncoding = 4; lastKnownFileType = sourcecode.swift; path = PeerCell.swift; sourceTree = "<group>"; };
		E502EDBF1E89F74F0053B32A /* ResultsCell.swift */ = {isa = PBXFileReference; fileEncoding = 4; lastKnownFileType = sourcecode.swift; path = ResultsCell.swift; sourceTree = "<group>"; };
		E502EDC51E8AD2070053B32A /* ScoreCard.swift */ = {isa = PBXFileReference; fileEncoding = 4; lastKnownFileType = sourcecode.swift; path = ScoreCard.swift; sourceTree = "<group>"; };
		E502EE171E904EB50053B32A /* User.swift */ = {isa = PBXFileReference; fileEncoding = 4; lastKnownFileType = sourcecode.swift; path = User.swift; sourceTree = "<group>"; };
		E502EE191E90954A0053B32A /* ProfileSetupViewController.swift */ = {isa = PBXFileReference; fileEncoding = 4; lastKnownFileType = sourcecode.swift; path = ProfileSetupViewController.swift; sourceTree = "<group>"; };
		E502EE1B1E90BD970053B32A /* AddAffiliationsViewController.swift */ = {isa = PBXFileReference; fileEncoding = 4; lastKnownFileType = sourcecode.swift; path = AddAffiliationsViewController.swift; sourceTree = "<group>"; };
		E502EE1D1E9158D00053B32A /* AffiliationsCell.swift */ = {isa = PBXFileReference; fileEncoding = 4; lastKnownFileType = sourcecode.swift; path = AffiliationsCell.swift; sourceTree = "<group>"; wrapsLines = 0; };
		E502EE1F1E915AD60053B32A /* AffiliationCollectionCell.swift */ = {isa = PBXFileReference; fileEncoding = 4; lastKnownFileType = sourcecode.swift; path = AffiliationCollectionCell.swift; sourceTree = "<group>"; };
		E502EE231E9184CB0053B32A /* Affiliation.swift */ = {isa = PBXFileReference; fileEncoding = 4; lastKnownFileType = sourcecode.swift; path = Affiliation.swift; sourceTree = "<group>"; };
		E502EE271E91D5790053B32A /* AddNewTableViewController.swift */ = {isa = PBXFileReference; fileEncoding = 4; lastKnownFileType = sourcecode.swift; path = AddNewTableViewController.swift; sourceTree = "<group>"; };
		E502EE291E9203DE0053B32A /* ProjectsViewController.swift */ = {isa = PBXFileReference; fileEncoding = 4; lastKnownFileType = sourcecode.swift; path = ProjectsViewController.swift; sourceTree = "<group>"; };
		E502EE2B1E92AFEA0053B32A /* ProjectsCell.swift */ = {isa = PBXFileReference; fileEncoding = 4; lastKnownFileType = sourcecode.swift; path = ProjectsCell.swift; sourceTree = "<group>"; };
		E502EE2D1E92B1800053B32A /* Project.swift */ = {isa = PBXFileReference; fileEncoding = 4; lastKnownFileType = sourcecode.swift; path = Project.swift; sourceTree = "<group>"; };
		E502EE2F1E92B3930053B32A /* ProjectCollectionCell.swift */ = {isa = PBXFileReference; fileEncoding = 4; lastKnownFileType = sourcecode.swift; path = ProjectCollectionCell.swift; sourceTree = "<group>"; };
		E502EE311E92B5380053B32A /* AddNewProjectTableViewController.swift */ = {isa = PBXFileReference; fileEncoding = 4; lastKnownFileType = sourcecode.swift; path = AddNewProjectTableViewController.swift; sourceTree = "<group>"; };
		E502EE331E92BC7B0053B32A /* LanguagesViewController.swift */ = {isa = PBXFileReference; fileEncoding = 4; lastKnownFileType = sourcecode.swift; path = LanguagesViewController.swift; sourceTree = "<group>"; };
		E502EE351E92EB730053B32A /* Language.swift */ = {isa = PBXFileReference; fileEncoding = 4; lastKnownFileType = sourcecode.swift; path = Language.swift; sourceTree = "<group>"; };
		E502EE391E9343210053B32A /* PickLanguageCell.swift */ = {isa = PBXFileReference; fileEncoding = 4; lastKnownFileType = sourcecode.swift; path = PickLanguageCell.swift; sourceTree = "<group>"; };
		E502EE3B1E94AE660053B32A /* LanguageCollectionCell.swift */ = {isa = PBXFileReference; fileEncoding = 4; lastKnownFileType = sourcecode.swift; path = LanguageCollectionCell.swift; sourceTree = "<group>"; };
		E502EE421E9544730053B32A /* AffProjCell.swift */ = {isa = PBXFileReference; fileEncoding = 4; lastKnownFileType = sourcecode.swift; path = AffProjCell.swift; sourceTree = "<group>"; };
		E502EE441E9544A30053B32A /* AffProjCollectionCell.swift */ = {isa = PBXFileReference; fileEncoding = 4; lastKnownFileType = sourcecode.swift; path = AffProjCollectionCell.swift; sourceTree = "<group>"; };
		E57F0C1E524FF77B44C10948 /* Pods-LinkBase.debug.xcconfig */ = {isa = PBXFileReference; includeInIndex = 1; lastKnownFileType = text.xcconfig; name = "Pods-LinkBase.debug.xcconfig"; path = "Pods/Target Support Files/Pods-LinkBase/Pods-LinkBase.debug.xcconfig"; sourceTree = "<group>"; };
		F55569BDE22B1266FC626A87 /* Pods_LinkBase.framework */ = {isa = PBXFileReference; explicitFileType = wrapper.framework; includeInIndex = 0; path = Pods_LinkBase.framework; sourceTree = BUILT_PRODUCTS_DIR; };
/* End PBXFileReference section */

/* Begin PBXFrameworksBuildPhase section */
		484E71121E80CDD500040F9E /* Frameworks */ = {
			isa = PBXFrameworksBuildPhase;
			buildActionMask = 2147483647;
			files = (
				4880152F1E945960001A947A /* MapKit.framework in Frameworks */,
				DCBFA209C1CFD570EF6AD59A /* Pods_LinkBase.framework in Frameworks */,
			);
			runOnlyForDeploymentPostprocessing = 0;
		};
/* End PBXFrameworksBuildPhase section */

/* Begin PBXGroup section */
		3711CF3562F24C5868564647 /* Frameworks */ = {
			isa = PBXGroup;
			children = (
				4880152E1E945960001A947A /* MapKit.framework */,
				F55569BDE22B1266FC626A87 /* Pods_LinkBase.framework */,
			);
			name = Frameworks;
			sourceTree = "<group>";
		};
		484E710C1E80CDD500040F9E = {
			isa = PBXGroup;
			children = (
				484E71171E80CDD600040F9E /* LinkBase */,
				484E71161E80CDD600040F9E /* Products */,
				4D7A4A450E36F80E3A10F5F7 /* Pods */,
				3711CF3562F24C5868564647 /* Frameworks */,
			);
			sourceTree = "<group>";
		};
		484E71161E80CDD600040F9E /* Products */ = {
			isa = PBXGroup;
			children = (
				484E71151E80CDD600040F9E /* LinkBase.app */,
			);
			name = Products;
			sourceTree = "<group>";
		};
		484E71171E80CDD600040F9E /* LinkBase */ = {
			isa = PBXGroup;
			children = (
				484E71311E80CE5D00040F9E /* View */,
				484E71301E80CE4800040F9E /* Models */,
				484E712F1E80CE4100040F9E /* ViewControllers */,
				484E712E1E80CE3000040F9E /* StoryBoards */,
				484E71181E80CDD600040F9E /* AppDelegate.swift */,
				484E711A1E80CDD600040F9E /* ViewController.swift */,
				484E711F1E80CDD600040F9E /* Assets.xcassets */,
				484E71211E80CDD600040F9E /* LaunchScreen.storyboard */,
				484E71241E80CDD600040F9E /* Info.plist */,
			);
			path = LinkBase;
			sourceTree = "<group>";
		};
		484E712E1E80CE3000040F9E /* StoryBoards */ = {
			isa = PBXGroup;
			children = (
				484E711C1E80CDD600040F9E /* Main.storyboard */,
				484E712A1E80CE1800040F9E /* Company.storyboard */,
				484E712C1E80CE2900040F9E /* Challenge.storyboard */,
				4808944B1E8E15FF00CA3CE0 /* Login.storyboard */,
			);
			name = StoryBoards;
			sourceTree = "<group>";
		};
		484E712F1E80CE4100040F9E /* ViewControllers */ = {
			isa = PBXGroup;
			children = (
				484E71341E80CE7100040F9E /* Challenge */,
				484E71331E80CE6B00040F9E /* Company */,
				484E71321E80CE6100040F9E /* Login */,
				E502EDA01E88FD130053B32A /* SetupViewController.swift */,
			);
			name = ViewControllers;
			sourceTree = "<group>";
		};
		484E71301E80CE4800040F9E /* Models */ = {
			isa = PBXGroup;
			children = (
				E502EDAA1E8996D10053B32A /* UtilityFunctions.swift */,
				E502EDB01E89AE410053B32A /* CommsQuestion.swift */,
				E502EDB21E89B0FF0053B32A /* TechQuestions.swift */,
				E502EDC51E8AD2070053B32A /* ScoreCard.swift */,
				48347A621E8C630500053E25 /* Company.swift */,
				E502EE171E904EB50053B32A /* User.swift */,
				E502EE231E9184CB0053B32A /* Affiliation.swift */,
				E502EE2D1E92B1800053B32A /* Project.swift */,
				E502EE351E92EB730053B32A /* Language.swift */,
				4885C62A1E95E55B00682F3C /* Address.swift */,
			);
			name = Models;
			sourceTree = "<group>";
		};
		484E71311E80CE5D00040F9E /* View */ = {
			isa = PBXGroup;
			children = (
				484E71371E80CE8600040F9E /* Challenge */,
				484E71361E80CE7F00040F9E /* Company */,
				484E71351E80CE7900040F9E /* Login */,
			);
			name = View;
			sourceTree = "<group>";
		};
		484E71321E80CE6100040F9E /* Login */ = {
			isa = PBXGroup;
			children = (
				A5BD93361E8D79770099F280 /* LoginViewController.swift */,
				A5BD93381E8D7FCF0099F280 /* CreateAccountViewController.swift */,
				A5BD933A1E8D85EA0099F280 /* ProfileViewController.swift */,
				E502EE191E90954A0053B32A /* ProfileSetupViewController.swift */,
				E502EE1B1E90BD970053B32A /* AddAffiliationsViewController.swift */,
				E502EE271E91D5790053B32A /* AddNewTableViewController.swift */,
				E502EE291E9203DE0053B32A /* ProjectsViewController.swift */,
				E502EE311E92B5380053B32A /* AddNewProjectTableViewController.swift */,
				E502EE331E92BC7B0053B32A /* LanguagesViewController.swift */,
			);
			name = Login;
			sourceTree = "<group>";
		};
		484E71331E80CE6B00040F9E /* Company */ = {
			isa = PBXGroup;
			children = (
				48347A5E1E8C5A8A00053E25 /* HomeCompanyViewController.swift */,
				48347A641E8C693500053E25 /* CompanyDetailViewController.swift */,
				48347A661E8C6DB600053E25 /* SettingCompanyViewController.swift */,
				48347A681E8C6F3000053E25 /* FavoritesCompanyViewController.swift */,
				488015301E945A3B001A947A /* ExploreCompanyViewController.swift */,
			);
			name = Company;
			sourceTree = "<group>";
		};
		484E71341E80CE7100040F9E /* Challenge */ = {
			isa = PBXGroup;
			children = (
				E502EDA21E89863E0053B32A /* CommsViewController.swift */,
				E502EDA41E8986A80053B32A /* TechViewController.swift */,
				E502EDA61E89870D0053B32A /* DashboardViewController.swift */,
				E502EDB41E89D02D0053B32A /* ResultsDetailViewController.swift */,
				E502EDB91E89D9090053B32A /* PeerReviewAllViewController.swift */,
				E502EDBB1E89D9170053B32A /* PeerReviewViewController.swift */,
			);
			name = Challenge;
			sourceTree = "<group>";
		};
		484E71351E80CE7900040F9E /* Login */ = {
			isa = PBXGroup;
			children = (
				E502EE411E9542480053B32A /* Languages */,
				E502EE401E95423D0053B32A /* Projects */,
				E502EE3F1E9542280053B32A /* Affiliations */,
			);
			name = Login;
			sourceTree = "<group>";
		};
		484E71361E80CE7F00040F9E /* Company */ = {
			isa = PBXGroup;
			children = (
				48347A601E8C61D800053E25 /* CompanyCollectionCell.swift */,
				48347A6A1E8C716600053E25 /* FavoriteCompanyCollectionCell.swift */,
			);
			name = Company;
			sourceTree = "<group>";
		};
		484E71371E80CE8600040F9E /* Challenge */ = {
			isa = PBXGroup;
			children = (
				E502EDA81E8996200053B32A /* HudView.swift */,
				E502EDBD1E89DC130053B32A /* PeerCell.swift */,
				E502EDBF1E89F74F0053B32A /* ResultsCell.swift */,
			);
			name = Challenge;
			sourceTree = "<group>";
		};
		4D7A4A450E36F80E3A10F5F7 /* Pods */ = {
			isa = PBXGroup;
			children = (
				E57F0C1E524FF77B44C10948 /* Pods-LinkBase.debug.xcconfig */,
				6265BAE788C7EC7F1C4A712F /* Pods-LinkBase.release.xcconfig */,
			);
			name = Pods;
			sourceTree = "<group>";
		};
		E502EE3F1E9542280053B32A /* Affiliations */ = {
			isa = PBXGroup;
			children = (
				E502EE1D1E9158D00053B32A /* AffiliationsCell.swift */,
				E502EE1F1E915AD60053B32A /* AffiliationCollectionCell.swift */,
			);
			name = Affiliations;
			sourceTree = "<group>";
		};
		E502EE401E95423D0053B32A /* Projects */ = {
			isa = PBXGroup;
			children = (
				E502EE2B1E92AFEA0053B32A /* ProjectsCell.swift */,
				E502EE2F1E92B3930053B32A /* ProjectCollectionCell.swift */,
			);
			name = Projects;
			sourceTree = "<group>";
		};
		E502EE411E9542480053B32A /* Languages */ = {
			isa = PBXGroup;
			children = (
				E502EE391E9343210053B32A /* PickLanguageCell.swift */,
				E502EE3B1E94AE660053B32A /* LanguageCollectionCell.swift */,
				E502EE421E9544730053B32A /* AffProjCell.swift */,
				E502EE441E9544A30053B32A /* AffProjCollectionCell.swift */,
			);
			name = Languages;
			sourceTree = "<group>";
		};
/* End PBXGroup section */

/* Begin PBXNativeTarget section */
		484E71141E80CDD500040F9E /* LinkBase */ = {
			isa = PBXNativeTarget;
			buildConfigurationList = 484E71271E80CDD600040F9E /* Build configuration list for PBXNativeTarget "LinkBase" */;
			buildPhases = (
				E43276F4DF679C66FC02DB6E /* [CP] Check Pods Manifest.lock */,
				484E71111E80CDD500040F9E /* Sources */,
				484E71121E80CDD500040F9E /* Frameworks */,
				484E71131E80CDD500040F9E /* Resources */,
				89E309DA859B8F3B5EB90157 /* [CP] Embed Pods Frameworks */,
				F5F2234FB58DB50E25661C43 /* [CP] Copy Pods Resources */,
			);
			buildRules = (
			);
			dependencies = (
			);
			name = LinkBase;
			productName = LinkBase;
			productReference = 484E71151E80CDD600040F9E /* LinkBase.app */;
			productType = "com.apple.product-type.application";
		};
/* End PBXNativeTarget section */

/* Begin PBXProject section */
		484E710D1E80CDD500040F9E /* Project object */ = {
			isa = PBXProject;
			attributes = {
				LastSwiftUpdateCheck = 0820;
				LastUpgradeCheck = 0820;
				ORGANIZATIONNAME = barbrobmich;
				TargetAttributes = {
					484E71141E80CDD500040F9E = {
						CreatedOnToolsVersion = 8.2.1;
						DevelopmentTeam = G6A6KTQ9M6;
						ProvisioningStyle = Automatic;
					};
				};
			};
			buildConfigurationList = 484E71101E80CDD500040F9E /* Build configuration list for PBXProject "LinkBase" */;
			compatibilityVersion = "Xcode 3.2";
			developmentRegion = English;
			hasScannedForEncodings = 0;
			knownRegions = (
				en,
				Base,
			);
			mainGroup = 484E710C1E80CDD500040F9E;
			productRefGroup = 484E71161E80CDD600040F9E /* Products */;
			projectDirPath = "";
			projectRoot = "";
			targets = (
				484E71141E80CDD500040F9E /* LinkBase */,
			);
		};
/* End PBXProject section */

/* Begin PBXResourcesBuildPhase section */
		484E71131E80CDD500040F9E /* Resources */ = {
			isa = PBXResourcesBuildPhase;
			buildActionMask = 2147483647;
			files = (
				484E712D1E80CE2900040F9E /* Challenge.storyboard in Resources */,
				484E712B1E80CE1800040F9E /* Company.storyboard in Resources */,
				4808944C1E8E15FF00CA3CE0 /* Login.storyboard in Resources */,
				484E71231E80CDD600040F9E /* LaunchScreen.storyboard in Resources */,
				484E71201E80CDD600040F9E /* Assets.xcassets in Resources */,
				484E711E1E80CDD600040F9E /* Main.storyboard in Resources */,
			);
			runOnlyForDeploymentPostprocessing = 0;
		};
/* End PBXResourcesBuildPhase section */

/* Begin PBXShellScriptBuildPhase section */
		89E309DA859B8F3B5EB90157 /* [CP] Embed Pods Frameworks */ = {
			isa = PBXShellScriptBuildPhase;
			buildActionMask = 2147483647;
			files = (
			);
			inputPaths = (
			);
			name = "[CP] Embed Pods Frameworks";
			outputPaths = (
			);
			runOnlyForDeploymentPostprocessing = 0;
			shellPath = /bin/sh;
			shellScript = "\"${SRCROOT}/Pods/Target Support Files/Pods-LinkBase/Pods-LinkBase-frameworks.sh\"\n";
			showEnvVarsInLog = 0;
		};
		E43276F4DF679C66FC02DB6E /* [CP] Check Pods Manifest.lock */ = {
			isa = PBXShellScriptBuildPhase;
			buildActionMask = 2147483647;
			files = (
			);
			inputPaths = (
			);
			name = "[CP] Check Pods Manifest.lock";
			outputPaths = (
			);
			runOnlyForDeploymentPostprocessing = 0;
			shellPath = /bin/sh;
			shellScript = "diff \"${PODS_ROOT}/../Podfile.lock\" \"${PODS_ROOT}/Manifest.lock\" > /dev/null\nif [ $? != 0 ] ; then\n    # print error to STDERR\n    echo \"error: The sandbox is not in sync with the Podfile.lock. Run 'pod install' or update your CocoaPods installation.\" >&2\n    exit 1\nfi\n";
			showEnvVarsInLog = 0;
		};
		F5F2234FB58DB50E25661C43 /* [CP] Copy Pods Resources */ = {
			isa = PBXShellScriptBuildPhase;
			buildActionMask = 2147483647;
			files = (
			);
			inputPaths = (
			);
			name = "[CP] Copy Pods Resources";
			outputPaths = (
			);
			runOnlyForDeploymentPostprocessing = 0;
			shellPath = /bin/sh;
			shellScript = "\"${SRCROOT}/Pods/Target Support Files/Pods-LinkBase/Pods-LinkBase-resources.sh\"\n";
			showEnvVarsInLog = 0;
		};
/* End PBXShellScriptBuildPhase section */

/* Begin PBXSourcesBuildPhase section */
		484E71111E80CDD500040F9E /* Sources */ = {
			isa = PBXSourcesBuildPhase;
			buildActionMask = 2147483647;
			files = (
				E502EDC61E8AD2070053B32A /* ScoreCard.swift in Sources */,
				E502EDA51E8986A80053B32A /* TechViewController.swift in Sources */,
				48347A671E8C6DB600053E25 /* SettingCompanyViewController.swift in Sources */,
				48347A651E8C693500053E25 /* CompanyDetailViewController.swift in Sources */,
				E502EE3A1E9343210053B32A /* PickLanguageCell.swift in Sources */,
				E502EDBC1E89D9170053B32A /* PeerReviewViewController.swift in Sources */,
				E502EDA71E89870D0053B32A /* DashboardViewController.swift in Sources */,
				E502EE2A1E9203DE0053B32A /* ProjectsViewController.swift in Sources */,
				A5BD93391E8D7FCF0099F280 /* CreateAccountViewController.swift in Sources */,
				E502EE241E9184CB0053B32A /* Affiliation.swift in Sources */,
				E502EE181E904EB50053B32A /* User.swift in Sources */,
				A5BD93371E8D79770099F280 /* LoginViewController.swift in Sources */,
				E502EE1C1E90BD970053B32A /* AddAffiliationsViewController.swift in Sources */,
				A5BD933B1E8D85EA0099F280 /* ProfileViewController.swift in Sources */,
				E502EE2E1E92B1800053B32A /* Project.swift in Sources */,
				E502EE431E9544730053B32A /* AffProjCell.swift in Sources */,
				4885C62B1E95E55B00682F3C /* Address.swift in Sources */,
				484E711B1E80CDD600040F9E /* ViewController.swift in Sources */,
				E502EE201E915AD60053B32A /* AffiliationCollectionCell.swift in Sources */,
				E502EDB31E89B0FF0053B32A /* TechQuestions.swift in Sources */,
				E502EDB11E89AE410053B32A /* CommsQuestion.swift in Sources */,
				E502EE3C1E94AE660053B32A /* LanguageCollectionCell.swift in Sources */,
				E502EDB51E89D02D0053B32A /* ResultsDetailViewController.swift in Sources */,
				E502EDBA1E89D9090053B32A /* PeerReviewAllViewController.swift in Sources */,
				E502EDA11E88FD130053B32A /* SetupViewController.swift in Sources */,
				E502EE361E92EB730053B32A /* Language.swift in Sources */,
				E502EE301E92B3930053B32A /* ProjectCollectionCell.swift in Sources */,
				E502EE451E9544A30053B32A /* AffProjCollectionCell.swift in Sources */,
				48347A5F1E8C5A8A00053E25 /* HomeCompanyViewController.swift in Sources */,
				488015311E945A3B001A947A /* ExploreCompanyViewController.swift in Sources */,
				E502EDA31E89863E0053B32A /* CommsViewController.swift in Sources */,
				E502EE2C1E92AFEA0053B32A /* ProjectsCell.swift in Sources */,
				E502EE281E91D5790053B32A /* AddNewTableViewController.swift in Sources */,
				48347A631E8C630500053E25 /* Company.swift in Sources */,
				E502EDA91E8996200053B32A /* HudView.swift in Sources */,
				E502EE1E1E9158D00053B32A /* AffiliationsCell.swift in Sources */,
				E502EDAB1E8996D10053B32A /* UtilityFunctions.swift in Sources */,
				E502EE1A1E90954A0053B32A /* ProfileSetupViewController.swift in Sources */,
				E502EE321E92B5380053B32A /* AddNewProjectTableViewController.swift in Sources */,
				484E71191E80CDD600040F9E /* AppDelegate.swift in Sources */,
				48347A6B1E8C716600053E25 /* FavoriteCompanyCollectionCell.swift in Sources */,
				E502EDBE1E89DC130053B32A /* PeerCell.swift in Sources */,
				E502EDC01E89F74F0053B32A /* ResultsCell.swift in Sources */,
				48347A691E8C6F3000053E25 /* FavoritesCompanyViewController.swift in Sources */,
				E502EE341E92BC7B0053B32A /* LanguagesViewController.swift in Sources */,
				48347A611E8C61D800053E25 /* CompanyCollectionCell.swift in Sources */,
			);
			runOnlyForDeploymentPostprocessing = 0;
		};
/* End PBXSourcesBuildPhase section */

/* Begin PBXVariantGroup section */
		484E711C1E80CDD600040F9E /* Main.storyboard */ = {
			isa = PBXVariantGroup;
			children = (
				484E711D1E80CDD600040F9E /* Base */,
			);
			name = Main.storyboard;
			sourceTree = "<group>";
		};
		484E71211E80CDD600040F9E /* LaunchScreen.storyboard */ = {
			isa = PBXVariantGroup;
			children = (
				484E71221E80CDD600040F9E /* Base */,
			);
			name = LaunchScreen.storyboard;
			sourceTree = "<group>";
		};
/* End PBXVariantGroup section */

/* Begin XCBuildConfiguration section */
		484E71251E80CDD600040F9E /* Debug */ = {
			isa = XCBuildConfiguration;
			buildSettings = {
				ALWAYS_SEARCH_USER_PATHS = NO;
				CLANG_ANALYZER_NONNULL = YES;
				CLANG_CXX_LANGUAGE_STANDARD = "gnu++0x";
				CLANG_CXX_LIBRARY = "libc++";
				CLANG_ENABLE_MODULES = YES;
				CLANG_ENABLE_OBJC_ARC = YES;
				CLANG_WARN_BOOL_CONVERSION = YES;
				CLANG_WARN_CONSTANT_CONVERSION = YES;
				CLANG_WARN_DIRECT_OBJC_ISA_USAGE = YES_ERROR;
				CLANG_WARN_DOCUMENTATION_COMMENTS = YES;
				CLANG_WARN_EMPTY_BODY = YES;
				CLANG_WARN_ENUM_CONVERSION = YES;
				CLANG_WARN_INFINITE_RECURSION = YES;
				CLANG_WARN_INT_CONVERSION = YES;
				CLANG_WARN_OBJC_ROOT_CLASS = YES_ERROR;
				CLANG_WARN_SUSPICIOUS_MOVE = YES;
				CLANG_WARN_UNREACHABLE_CODE = YES;
				CLANG_WARN__DUPLICATE_METHOD_MATCH = YES;
				"CODE_SIGN_IDENTITY[sdk=iphoneos*]" = "iPhone Developer";
				COPY_PHASE_STRIP = NO;
				DEBUG_INFORMATION_FORMAT = dwarf;
				ENABLE_STRICT_OBJC_MSGSEND = YES;
				ENABLE_TESTABILITY = YES;
				GCC_C_LANGUAGE_STANDARD = gnu99;
				GCC_DYNAMIC_NO_PIC = NO;
				GCC_NO_COMMON_BLOCKS = YES;
				GCC_OPTIMIZATION_LEVEL = 0;
				GCC_PREPROCESSOR_DEFINITIONS = (
					"DEBUG=1",
					"$(inherited)",
				);
				GCC_WARN_64_TO_32_BIT_CONVERSION = YES;
				GCC_WARN_ABOUT_RETURN_TYPE = YES_ERROR;
				GCC_WARN_UNDECLARED_SELECTOR = YES;
				GCC_WARN_UNINITIALIZED_AUTOS = YES_AGGRESSIVE;
				GCC_WARN_UNUSED_FUNCTION = YES;
				GCC_WARN_UNUSED_VARIABLE = YES;
				IPHONEOS_DEPLOYMENT_TARGET = 10.2;
				MTL_ENABLE_DEBUG_INFO = YES;
				ONLY_ACTIVE_ARCH = YES;
				SDKROOT = iphoneos;
				SWIFT_ACTIVE_COMPILATION_CONDITIONS = DEBUG;
				SWIFT_OPTIMIZATION_LEVEL = "-Onone";
			};
			name = Debug;
		};
		484E71261E80CDD600040F9E /* Release */ = {
			isa = XCBuildConfiguration;
			buildSettings = {
				ALWAYS_SEARCH_USER_PATHS = NO;
				CLANG_ANALYZER_NONNULL = YES;
				CLANG_CXX_LANGUAGE_STANDARD = "gnu++0x";
				CLANG_CXX_LIBRARY = "libc++";
				CLANG_ENABLE_MODULES = YES;
				CLANG_ENABLE_OBJC_ARC = YES;
				CLANG_WARN_BOOL_CONVERSION = YES;
				CLANG_WARN_CONSTANT_CONVERSION = YES;
				CLANG_WARN_DIRECT_OBJC_ISA_USAGE = YES_ERROR;
				CLANG_WARN_DOCUMENTATION_COMMENTS = YES;
				CLANG_WARN_EMPTY_BODY = YES;
				CLANG_WARN_ENUM_CONVERSION = YES;
				CLANG_WARN_INFINITE_RECURSION = YES;
				CLANG_WARN_INT_CONVERSION = YES;
				CLANG_WARN_OBJC_ROOT_CLASS = YES_ERROR;
				CLANG_WARN_SUSPICIOUS_MOVE = YES;
				CLANG_WARN_UNREACHABLE_CODE = YES;
				CLANG_WARN__DUPLICATE_METHOD_MATCH = YES;
				"CODE_SIGN_IDENTITY[sdk=iphoneos*]" = "iPhone Developer";
				COPY_PHASE_STRIP = NO;
				DEBUG_INFORMATION_FORMAT = "dwarf-with-dsym";
				ENABLE_NS_ASSERTIONS = NO;
				ENABLE_STRICT_OBJC_MSGSEND = YES;
				GCC_C_LANGUAGE_STANDARD = gnu99;
				GCC_NO_COMMON_BLOCKS = YES;
				GCC_WARN_64_TO_32_BIT_CONVERSION = YES;
				GCC_WARN_ABOUT_RETURN_TYPE = YES_ERROR;
				GCC_WARN_UNDECLARED_SELECTOR = YES;
				GCC_WARN_UNINITIALIZED_AUTOS = YES_AGGRESSIVE;
				GCC_WARN_UNUSED_FUNCTION = YES;
				GCC_WARN_UNUSED_VARIABLE = YES;
				IPHONEOS_DEPLOYMENT_TARGET = 10.2;
				MTL_ENABLE_DEBUG_INFO = NO;
				SDKROOT = iphoneos;
				SWIFT_OPTIMIZATION_LEVEL = "-Owholemodule";
				VALIDATE_PRODUCT = YES;
			};
			name = Release;
		};
		484E71281E80CDD600040F9E /* Debug */ = {
			isa = XCBuildConfiguration;
			baseConfigurationReference = E57F0C1E524FF77B44C10948 /* Pods-LinkBase.debug.xcconfig */;
			buildSettings = {
				ASSETCATALOG_COMPILER_APPICON_NAME = AppIcon;
				DEVELOPMENT_TEAM = G6A6KTQ9M6;
				INFOPLIST_FILE = LinkBase/Info.plist;
				LD_RUNPATH_SEARCH_PATHS = "$(inherited) @executable_path/Frameworks";
				PRODUCT_BUNDLE_IDENTIFIER = codepath.LinkBase;
				PRODUCT_NAME = "$(TARGET_NAME)";
				SWIFT_VERSION = 3.0;
			};
			name = Debug;
		};
		484E71291E80CDD600040F9E /* Release */ = {
			isa = XCBuildConfiguration;
			baseConfigurationReference = 6265BAE788C7EC7F1C4A712F /* Pods-LinkBase.release.xcconfig */;
			buildSettings = {
				ASSETCATALOG_COMPILER_APPICON_NAME = AppIcon;
				DEVELOPMENT_TEAM = G6A6KTQ9M6;
				INFOPLIST_FILE = LinkBase/Info.plist;
				LD_RUNPATH_SEARCH_PATHS = "$(inherited) @executable_path/Frameworks";
				PRODUCT_BUNDLE_IDENTIFIER = codepath.LinkBase;
				PRODUCT_NAME = "$(TARGET_NAME)";
				SWIFT_VERSION = 3.0;
			};
			name = Release;
		};
/* End XCBuildConfiguration section */

/* Begin XCConfigurationList section */
		484E71101E80CDD500040F9E /* Build configuration list for PBXProject "LinkBase" */ = {
			isa = XCConfigurationList;
			buildConfigurations = (
				484E71251E80CDD600040F9E /* Debug */,
				484E71261E80CDD600040F9E /* Release */,
			);
			defaultConfigurationIsVisible = 0;
			defaultConfigurationName = Release;
		};
		484E71271E80CDD600040F9E /* Build configuration list for PBXNativeTarget "LinkBase" */ = {
			isa = XCConfigurationList;
			buildConfigurations = (
				484E71281E80CDD600040F9E /* Debug */,
				484E71291E80CDD600040F9E /* Release */,
			);
			defaultConfigurationIsVisible = 0;
			defaultConfigurationName = Release;
		};
/* End XCConfigurationList section */
	};
	rootObject = 484E710D1E80CDD500040F9E /* Project object */;
}
